
Microsoft Visual Studio Solution File, Format Version 12.00
# Visual Studio Version 17
VisualStudioVersion = 17.8.34330.188
MinimumVisualStudioVersion = 10.0.40219.1
Project("{9A19103F-16F7-4668-BE54-9A1E7A4F7556}") = "EcoFarm", "EcoFarm.csproj", "{CA042650-B2A5-4C2A-A89B-03C1C0943737}"
EndProject
Project("{9A19103F-16F7-4668-BE54-9A1E7A4F7556}") = "Core", "..\Core\Core.csproj", "{E277EE18-34A3-48E4-9E9C-EDA6FA29EC78}"
EndProject
Project("{FAE04EC0-301F-11D3-BF4B-00C04F79EFBC}") = "Data", "..\Data\Data.csproj", "{0CF8242F-EEC5-4AD3-B6BC-CF265D855865}"
EndProject
Global
	GlobalSection(SolutionConfigurationPlatforms) = preSolution
		Debug|Any CPU = Debug|Any CPU
		Release|Any CPU = Release|Any CPU
	EndGlobalSection
	GlobalSection(ProjectConfigurationPlatforms) = postSolution
		{CA042650-B2A5-4C2A-A89B-03C1C0943737}.Debug|Any CPU.ActiveCfg = Debug|Any CPU
		{CA042650-B2A5-4C2A-A89B-03C1C0943737}.Debug|Any CPU.Build.0 = Debug|Any CPU
		{CA042650-B2A5-4C2A-A89B-03C1C0943737}.Debug|Any CPU.Deploy.0 = Debug|Any CPU
		{CA042650-B2A5-4C2A-A89B-03C1C0943737}.Release|Any CPU.ActiveCfg = Release|Any CPU
		{CA042650-B2A5-4C2A-A89B-03C1C0943737}.Release|Any CPU.Build.0 = Release|Any CPU
		{CA042650-B2A5-4C2A-A89B-03C1C0943737}.Release|Any CPU.Deploy.0 = Release|Any CPU
		{E277EE18-34A3-48E4-9E9C-EDA6FA29EC78}.Debug|Any CPU.ActiveCfg = Debug|Any CPU
		{E277EE18-34A3-48E4-9E9C-EDA6FA29EC78}.Debug|Any CPU.Build.0 = Debug|Any CPU
		{E277EE18-34A3-48E4-9E9C-EDA6FA29EC78}.Release|Any CPU.ActiveCfg = Release|Any CPU
		{E277EE18-34A3-48E4-9E9C-EDA6FA29EC78}.Release|Any CPU.Build.0 = Release|Any CPU
		{0CF8242F-EEC5-4AD3-B6BC-CF265D855865}.Debug|Any CPU.ActiveCfg = Debug|Any CPU
		{0CF8242F-EEC5-4AD3-B6BC-CF265D855865}.Debug|Any CPU.Build.0 = Debug|Any CPU
		{0CF8242F-EEC5-4AD3-B6BC-CF265D855865}.Release|Any CPU.ActiveCfg = Release|Any CPU
		{0CF8242F-EEC5-4AD3-B6BC-CF265D855865}.Release|Any CPU.Build.0 = Release|Any CPU
	EndGlobalSection
	GlobalSection(SolutionProperties) = preSolution
		HideSolutionNode = FALSE
	EndGlobalSection
	GlobalSection(ExtensibilityGlobals) = postSolution
		SolutionGuid = {0BED6C5D-37B7-4A3F-AD6E-C3FD41CE5A94}
	EndGlobalSection
EndGlobal
